Microsoft Visual Studio Solution File, Format Version 12.00
# Visual Studio 2012
Project("{FAE04EC0-301F-11D3-BF4B-00C04F79EFBC}") = "top_down_polygon_shooter_cs", "top_down_polygon_shooter_cs.csproj", "{23A459BF-530B-4EA3-93A8-4F0F375EFDBD}"
EndProject
Global
	GlobalSection(SolutionConfigurationPlatforms) = preSolution
	Debug|Any CPU = Debug|Any CPU
	ExportDebug|Any CPU = ExportDebug|Any CPU
	ExportRelease|Any CPU = ExportRelease|Any CPU
	EndGlobalSection
	GlobalSection(ProjectConfigurationPlatforms) = postSolution
		{23A459BF-530B-4EA3-93A8-4F0F375EFDBD}.Debug|Any CPU.ActiveCfg = Debug|Any CPU
		{23A459BF-530B-4EA3-93A8-4F0F375EFDBD}.Debug|Any CPU.Build.0 = Debug|Any CPU
		{23A459BF-530B-4EA3-93A8-4F0F375EFDBD}.ExportDebug|Any CPU.ActiveCfg = ExportDebug|Any CPU
		{23A459BF-530B-4EA3-93A8-4F0F375EFDBD}.ExportDebug|Any CPU.Build.0 = ExportDebug|Any CPU
		{23A459BF-530B-4EA3-93A8-4F0F375EFDBD}.ExportRelease|Any CPU.ActiveCfg = ExportRelease|Any CPU
		{23A459BF-530B-4EA3-93A8-4F0F375EFDBD}.ExportRelease|Any CPU.Build.0 = ExportRelease|Any CPU
	EndGlobalSection
EndGlobal
